// !$*UTF8*$!
{
	archiveVersion = 1;
	classes = {
	};
	objectVersion = 46;
	objects = {

/* Begin PBXBuildFile section */
		F4CB45D91C48B4B000DDC8B9 /* main.m in Sources */ = {isa = PBXBuildFile; fileRef = F4CB45D81C48B4B000DDC8B9 /* main.m */; };
		F4CB45DC1C48B4B000DDC8B9 /* AppDelegate.m in Sources */ = {isa = PBXBuildFile; fileRef = F4CB45DB1C48B4B000DDC8B9 /* AppDelegate.m */; };
		F4CB45DF1C48B4B000DDC8B9 /* ViewController.m in Sources */ = {isa = PBXBuildFile; fileRef = F4CB45DE1C48B4B000DDC8B9 /* ViewController.m */; };
		F4CB45E21C48B4B000DDC8B9 /* Main.storyboard in Resources */ = {isa = PBXBuildFile; fileRef = F4CB45E01C48B4B000DDC8B9 /* Main.storyboard */; };
		F4CB45E51C48B4B000DDC8B9 /* FirstGitProject.xcdatamodeld in Sources */ = {isa = PBXBuildFile; fileRef = F4CB45E31C48B4B000DDC8B9 /* FirstGitProject.xcdatamodeld */; };
		F4CB45E71C48B4B000DDC8B9 /* Assets.xcassets in Resources */ = {isa = PBXBuildFile; fileRef = F4CB45E61C48B4B000DDC8B9 /* Assets.xcassets */; };
		F4CB45EA1C48B4B000DDC8B9 /* LaunchScreen.storyboard in Resources */ = {isa = PBXBuildFile; fileRef = F4CB45E81C48B4B000DDC8B9 /* LaunchScreen.storyboard */; };
		F4CF0C941C71F09E00A6BC9B /* PubComparatorTest.m in Sources */ = {isa = PBXBuildFile; fileRef = F4CF0C931C71F09E00A6BC9B /* PubComparatorTest.m */; };
		F4CF0C971C71F1E900A6BC9B /* PubStaticMemberVariablesTest.m in Sources */ = {isa = PBXBuildFile; fileRef = F4CF0C961C71F1E900A6BC9B /* PubStaticMemberVariablesTest.m */; };
/* End PBXBuildFile section */

/* Begin PBXFileReference section */
		F4CB45D41C48B4B000DDC8B9 /* FirstGitProject.app */ = {isa = PBXFileReference; explicitFileType = wrapper.application; includeInIndex = 0; path = FirstGitProject.app; sourceTree = BUILT_PRODUCTS_DIR; };
		F4CB45D81C48B4B000DDC8B9 /* main.m */ = {isa = PBXFileReference; lastKnownFileType = sourcecode.c.objc; path = main.m; sourceTree = "<group>"; };
		F4CB45DA1C48B4B000DDC8B9 /* AppDelegate.h */ = {isa = PBXFileReference; lastKnownFileType = sourcecode.c.h; path = AppDelegate.h; sourceTree = "<group>"; };
		F4CB45DB1C48B4B000DDC8B9 /* AppDelegate.m */ = {isa = PBXFileReference; lastKnownFileType = sourcecode.c.objc; path = AppDelegate.m; sourceTree = "<group>"; };
		F4CB45DD1C48B4B000DDC8B9 /* ViewController.h */ = {isa = PBXFileReference; lastKnownFileType = sourcecode.c.h; path = ViewController.h; sourceTree = "<group>"; };
		F4CB45DE1C48B4B000DDC8B9 /* ViewController.m */ = {isa = PBXFileReference; lastKnownFileType = sourcecode.c.objc; path = ViewController.m; sourceTree = "<group>"; };
		F4CB45E11C48B4B000DDC8B9 /* Base */ = {isa = PBXFileReference; lastKnownFileType = file.storyboard; name = Base; path = Base.lproj/Main.storyboard; sourceTree = "<group>"; };
		F4CB45E41C48B4B000DDC8B9 /* FirstGitProject.xcdatamodel */ = {isa = PBXFileReference; lastKnownFileType = wrapper.xcdatamodel; path = FirstGitProject.xcdatamodel; sourceTree = "<group>"; };
		F4CB45E61C48B4B000DDC8B9 /* Assets.xcassets */ = {isa = PBXFileReference; lastKnownFileType = folder.assetcatalog; path = Assets.xcassets; sourceTree = "<group>"; };
		F4CB45E91C48B4B000DDC8B9 /* Base */ = {isa = PBXFileReference; lastKnownFileType = file.storyboard; name = Base; path = Base.lproj/LaunchScreen.storyboard; sourceTree = "<group>"; };
		F4CB45EB1C48B4B000DDC8B9 /* Info.plist */ = {isa = PBXFileReference; lastKnownFileType = text.plist.xml; path = Info.plist; sourceTree = "<group>"; };
		F4CF0C921C71F09E00A6BC9B /* PubComparatorTest.h */ = {isa = PBXFileReference; fileEncoding = 4; lastKnownFileType = sourcecode.c.h; path = PubComparatorTest.h; sourceTree = "<group>"; };
		F4CF0C931C71F09E00A6BC9B /* PubComparatorTest.m */ = {isa = PBXFileReference; fileEncoding = 4; lastKnownFileType = sourcecode.c.objc; path = PubComparatorTest.m; sourceTree = "<group>"; };
		F4CF0C951C71F1E900A6BC9B /* PubStaticMemberVariablesTest.h */ = {isa = PBXFileReference; fileEncoding = 4; lastKnownFileType = sourcecode.c.h; path = PubStaticMemberVariablesTest.h; sourceTree = "<group>"; };
		F4CF0C961C71F1E900A6BC9B /* PubStaticMemberVariablesTest.m */ = {isa = PBXFileReference; fileEncoding = 4; lastKnownFileType = sourcecode.c.objc; path = PubStaticMemberVariablesTest.m; sourceTree = "<group>"; };
/* End PBXFileReference section */

/* Begin PBXFrameworksBuildPhase section */
		F4CB45D11C48B4B000DDC8B9 /* Frameworks */ = {
			isa = PBXFrameworksBuildPhase;
			buildActionMask = 2147483647;
			files = (
			);
			runOnlyForDeploymentPostprocessing = 0;
		};
/* End PBXFrameworksBuildPhase section */

/* Begin PBXGroup section */
		F4CB45CB1C48B4B000DDC8B9 = {
			isa = PBXGroup;
			children = (
				F4CB45D61C48B4B000DDC8B9 /* FirstGitProject */,
				F4CB45D51C48B4B000DDC8B9 /* Products */,
			);
			sourceTree = "<group>";
		};
		F4CB45D51C48B4B000DDC8B9 /* Products */ = {
			isa = PBXGroup;
			children = (
				F4CB45D41C48B4B000DDC8B9 /* FirstGitProject.app */,
			);
			name = Products;
			sourceTree = "<group>";
		};
		F4CB45D61C48B4B000DDC8B9 /* FirstGitProject */ = {
			isa = PBXGroup;
			children = (
				F4CF0C911C71F09E00A6BC9B /* Tests */,
				F4CB45DA1C48B4B000DDC8B9 /* AppDelegate.h */,
				F4CB45DB1C48B4B000DDC8B9 /* AppDelegate.m */,
				F4CB45DD1C48B4B000DDC8B9 /* ViewController.h */,
				F4CB45DE1C48B4B000DDC8B9 /* ViewController.m */,
				F4CB45E01C48B4B000DDC8B9 /* Main.storyboard */,
				F4CB45E61C48B4B000DDC8B9 /* Assets.xcassets */,
				F4CB45E81C48B4B000DDC8B9 /* LaunchScreen.storyboard */,
				F4CB45EB1C48B4B000DDC8B9 /* Info.plist */,
				F4CB45E31C48B4B000DDC8B9 /* FirstGitProject.xcdatamodeld */,
				F4CB45D71C48B4B000DDC8B9 /* Supporting Files */,
			);
			path = FirstGitProject;
			sourceTree = "<group>";
		};
		F4CB45D71C48B4B000DDC8B9 /* Supporting Files */ = {
			isa = PBXGroup;
			children = (
				F4CB45D81C48B4B000DDC8B9 /* main.m */,
			);
			name = "Supporting Files";
			sourceTree = "<group>";
		};
		F4CF0C911C71F09E00A6BC9B /* Tests */ = {
			isa = PBXGroup;
			children = (
				F4CF0C921C71F09E00A6BC9B /* PubComparatorTest.h */,
				F4CF0C931C71F09E00A6BC9B /* PubComparatorTest.m */,
				F4CF0C951C71F1E900A6BC9B /* PubStaticMemberVariablesTest.h */,
				F4CF0C961C71F1E900A6BC9B /* PubStaticMemberVariablesTest.m */,
			);
			path = Tests;
			sourceTree = "<group>";
		};
/* End PBXGroup section */

/* Begin PBXNativeTarget section */
		F4CB45D31C48B4B000DDC8B9 /* FirstGitProject */ = {
			isa = PBXNativeTarget;
			buildConfigurationList = F4CB45EE1C48B4B000DDC8B9 /* Build configuration list for PBXNativeTarget "FirstGitProject" */;
			buildPhases = (
				F4CB45D01C48B4B000DDC8B9 /* Sources */,
				F4CB45D11C48B4B000DDC8B9 /* Frameworks */,
				F4CB45D21C48B4B000DDC8B9 /* Resources */,
			);
			buildRules = (
			);
			dependencies = (
			);
			name = FirstGitProject;
			productName = FirstGitProject;
			productReference = F4CB45D41C48B4B000DDC8B9 /* FirstGitProject.app */;
			productType = "com.apple.product-type.application";
		};
/* End PBXNativeTarget section */

/* Begin PBXProject section */
		F4CB45CC1C48B4B000DDC8B9 /* Project object */ = {
			isa = PBXProject;
			attributes = {
				LastUpgradeCheck = 0700;
				ORGANIZATIONNAME = JayLee;
				TargetAttributes = {
					F4CB45D31C48B4B000DDC8B9 = {
						CreatedOnToolsVersion = 7.0;
						DevelopmentTeam = X6X8T3N6QH;
					};
				};
			};
			buildConfigurationList = F4CB45CF1C48B4B000DDC8B9 /* Build configuration list for PBXProject "FirstGitProject" */;
			compatibilityVersion = "Xcode 3.2";
			developmentRegion = English;
			hasScannedForEncodings = 0;
			knownRegions = (
				en,
				Base,
			);
			mainGroup = F4CB45CB1C48B4B000DDC8B9;
			productRefGroup = F4CB45D51C48B4B000DDC8B9 /* Products */;
			projectDirPath = "";
			projectRoot = "";
			targets = (
				F4CB45D31C48B4B000DDC8B9 /* FirstGitProject */,
			);
		};
/* End PBXProject section */

/* Begin PBXResourcesBuildPhase section */
		F4CB45D21C48B4B000DDC8B9 /* Resources */ = {
			isa = PBXResourcesBuildPhase;
			buildActionMask = 2147483647;
			files = (
				F4CB45EA1C48B4B000DDC8B9 /* LaunchScreen.storyboard in Resources */,
				F4CB45E71C48B4B000DDC8B9 /* Assets.xcassets in Resources */,
				F4CB45E21C48B4B000DDC8B9 /* Main.storyboard in Resources */,
			);
			runOnlyForDeploymentPostprocessing = 0;
		};
/* End PBXResourcesBuildPhase section */

/* Begin PBXSourcesBuildPhase section */
		F4CB45D01C48B4B000DDC8B9 /* Sources */ = {
			isa = PBXSourcesBuildPhase;
			buildActionMask = 2147483647;
			files = (
				F4CB45DF1C48B4B000DDC8B9 /* ViewController.m in Sources */,
				F4CB45DC1C48B4B000DDC8B9 /* AppDelegate.m in Sources */,
				F4CF0C941C71F09E00A6BC9B /* PubComparatorTest.m in Sources */,
				F4CF0C971C71F1E900A6BC9B /* PubStaticMemberVariablesTest.m in Sources */,
				F4CB45D91C48B4B000DDC8B9 /* main.m in Sources */,
				F4CB45E51C48B4B000DDC8B9 /* FirstGitProject.xcdatamodeld in Sources */,
			);
			runOnlyForDeploymentPostprocessing = 0;
		};
/* End PBXSourcesBuildPhase section */

/* Begin PBXVariantGroup section */
		F4CB45E01C48B4B000DDC8B9 /* Main.storyboard */ = {
			isa = PBXVariantGroup;
			children = (
				F4CB45E11C48B4B000DDC8B9 /* Base */,
			);
			name = Main.storyboard;
			sourceTree = "<group>";
		};
		F4CB45E81C48B4B000DDC8B9 /* LaunchScreen.storyboard */ = {
			isa = PBXVariantGroup;
			children = (
				F4CB45E91C48B4B000DDC8B9 /* Base */,
			);
			name = LaunchScreen.storyboard;
			sourceTree = "<group>";
		};
/* End PBXVariantGroup section */

/* Begin XCBuildConfiguration section */
		F4CB45EC1C48B4B000DDC8B9 /* Debug */ = {
			isa = XCBuildConfiguration;
			buildSettings = {
				ALWAYS_SEARCH_USER_PATHS = NO;
				CLANG_CXX_LANGUAGE_STANDARD = "gnu++0x";
				CLANG_CXX_LIBRARY = "libc++";
				CLANG_ENABLE_MODULES = YES;
				CLANG_ENABLE_OBJC_ARC = YES;
				CLANG_WARN_BOOL_CONVERSION = YES;
				CLANG_WARN_CONSTANT_CONVERSION = YES;
				CLANG_WARN_DIRECT_OBJC_ISA_USAGE = YES_ERROR;
				CLANG_WARN_EMPTY_BODY = YES;
				CLANG_WARN_ENUM_CONVERSION = YES;
				CLANG_WARN_INT_CONVERSION = YES;
				CLANG_WARN_OBJC_ROOT_CLASS = YES_ERROR;
				CLANG_WARN_UNREACHABLE_CODE = YES;
				CLANG_WARN__DUPLICATE_METHOD_MATCH = YES;
				"CODE_SIGN_IDENTITY[sdk=iphoneos*]" = "iPhone Developer";
				COPY_PHASE_STRIP = NO;
				DEBUG_INFORMATION_FORMAT = dwarf;
				ENABLE_STRICT_OBJC_MSGSEND = YES;
				ENABLE_TESTABILITY = YES;
				GCC_C_LANGUAGE_STANDARD = gnu99;
				GCC_DYNAMIC_NO_PIC = NO;
				GCC_NO_COMMON_BLOCKS = YES;
				GCC_OPTIMIZATION_LEVEL = 0;
				GCC_PREPROCESSOR_DEFINITIONS = (
					"DEBUG=1",
					"$(inherited)",
				);
				GCC_WARN_64_TO_32_BIT_CONVERSION = YES;
				GCC_WARN_ABOUT_RETURN_TYPE = YES_ERROR;
				GCC_WARN_UNDECLARED_SELECTOR = YES;
				GCC_WARN_UNINITIALIZED_AUTOS = YES_AGGRESSIVE;
				GCC_WARN_UNUSED_FUNCTION = YES;
				GCC_WARN_UNUSED_VARIABLE = YES;
				IPHONEOS_DEPLOYMENT_TARGET = 9.0;
				MTL_ENABLE_DEBUG_INFO = YES;
				ONLY_ACTIVE_ARCH = YES;
				SDKROOT = iphoneos;
			};
			name = Debug;
		};
		F4CB45ED1C48B4B000DDC8B9 /* Release */ = {
			isa = XCBuildConfiguration;
			buildSettings = {
				ALWAYS_SEARCH_USER_PATHS = NO;
				CLANG_CXX_LANGUAGE_STANDARD = "gnu++0x";
				CLANG_CXX_LIBRARY = "libc++";
				CLANG_ENABLE_MODULES = YES;
				CLANG_ENABLE_OBJC_ARC = YES;
				CLANG_WARN_BOOL_CONVERSION = YES;
				CLANG_WARN_CONSTANT_CONVERSION = YES;
				CLANG_WARN_DIRECT_OBJC_ISA_USAGE = YES_ERROR;
				CLANG_WARN_EMPTY_BODY = YES;
				CLANG_WARN_ENUM_CONVERSION = YES;
				CLANG_WARN_INT_CONVERSION = YES;
				CLANG_WARN_OBJC_ROOT_CLASS = YES_ERROR;
				CLANG_WARN_UNREACHABLE_CODE = YES;
				CLANG_WARN__DUPLICATE_METHOD_MATCH = YES;
				"CODE_SIGN_IDENTITY[sdk=iphoneos*]" = "iPhone Developer";
				COPY_PHASE_STRIP = NO;
				DEBUG_INFORMATION_FORMAT = "dwarf-with-dsym";
				ENABLE_NS_ASSERTIONS = NO;
				ENABLE_STRICT_OBJC_MSGSEND = YES;
				GCC_C_LANGUAGE_STANDARD = gnu99;
				GCC_NO_COMMON_BLOCKS = YES;
				GCC_WARN_64_TO_32_BIT_CONVERSION = YES;
				GCC_WARN_ABOUT_RETURN_TYPE = YES_ERROR;
				GCC_WARN_UNDECLARED_SELECTOR = YES;
				GCC_WARN_UNINITIALIZED_AUTOS = YES_AGGRESSIVE;
				GCC_WARN_UNUSED_FUNCTION = YES;
				GCC_WARN_UNUSED_VARIABLE = YES;
				IPHONEOS_DEPLOYMENT_TARGET = 9.0;
				MTL_ENABLE_DEBUG_INFO = NO;
				SDKROOT = iphoneos;
				VALIDATE_PRODUCT = YES;
			};
			name = Release;
		};
		F4CB45EF1C48B4B000DDC8B9 /* Debug */ = {
			isa = XCBuildConfiguration;
			buildSettings = {
				ASSETCATALOG_COMPILER_APPICON_NAME = AppIcon;
				INFOPLIST_FILE = FirstGitProject/Info.plist;
				LD_RUNPATH_SEARCH_PATHS = "$(inherited) @executable_path/Frameworks";
				PRODUCT_BUNDLE_IDENTIFIER = com.leejay.FirstGitProject;
				PRODUCT_NAME = "$(TARGET_NAME)";
			};
			name = Debug;
		};
		F4CB45F01C48B4B000DDC8B9 /* Release */ = {
			isa = XCBuildConfiguration;
			buildSettings = {
				ASSETCATALOG_COMPILER_APPICON_NAME = AppIcon;
				INFOPLIST_FILE = FirstGitProject/Info.plist;
				LD_RUNPATH_SEARCH_PATHS = "$(inherited) @executable_path/Frameworks";
				PRODUCT_BUNDLE_IDENTIFIER = com.leejay.FirstGitProject;
				PRODUCT_NAME = "$(TARGET_NAME)";
			};
			name = Release;
		};
/* End XCBuildConfiguration section */

/* Begin XCConfigurationList section */
		F4CB45CF1C48B4B000DDC8B9 /* Build configuration list for PBXProject "FirstGitProject" */ = {
			isa = XCConfigurationList;
			buildConfigurations = (
				F4CB45EC1C48B4B000DDC8B9 /* Debug */,
				F4CB45ED1C48B4B000DDC8B9 /* Release */,
			);
			defaultConfigurationIsVisible = 0;
			defaultConfigurationName = Release;
		};
		F4CB45EE1C48B4B000DDC8B9 /* Build configuration list for PBXNativeTarget "FirstGitProject" */ = {
			isa = XCConfigurationList;
			buildConfigurations = (
				F4CB45EF1C48B4B000DDC8B9 /* Debug */,
				F4CB45F01C48B4B000DDC8B9 /* Release */,
			);
			defaultConfigurationIsVisible = 0;
			defaultConfigurationName = Release;
		};
/* End XCConfigurationList section */

/* Begin XCVersionGroup section */
		F4CB45E31C48B4B000DDC8B9 /* FirstGitProject.xcdatamodeld */ = {
			isa = XCVersionGroup;
			children = (
				F4CB45E41C48B4B000DDC8B9 /* FirstGitProject.xcdatamodel */,
			);
			currentVersion = F4CB45E41C48B4B000DDC8B9 /* FirstGitProject.xcdatamodel */;
			path = FirstGitProject.xcdatamodeld;
			sourceTree = "<group>";
			versionGroupType = wrapper.xcdatamodel;
		};
/* End XCVersionGroup section */
	};
	rootObject = F4CB45CC1C48B4B000DDC8B9 /* Project object */;
}
